
Microsoft Visual Studio Solution File, Format Version 12.00
# Visual Studio Version 16
VisualStudioVersion = 16.0.30413.136
MinimumVisualStudioVersion = 10.0.40219.1
Project("{FAE04EC0-301F-11D3-BF4B-00C04F79EFBC}") = "Cuahangdienthoai", "Cuahangdienthoai\Cuahangdienthoai.csproj", "{5BE73CC2-8846-4A55-A623-E7DB79AF9321}"
EndProject
Global
	GlobalSection(SolutionConfigurationPlatforms) = preSolution
		Debug|Any CPU = Debug|Any CPU
		Release|Any CPU = Release|Any CPU
	EndGlobalSection
	GlobalSection(ProjectConfigurationPlatforms) = postSolution
		{5BE73CC2-8846-4A55-A623-E7DB79AF9321}.Debug|Any CPU.ActiveCfg = Debug|Any CPU
		{5BE73CC2-8846-4A55-A623-E7DB79AF9321}.Debug|Any CPU.Build.0 = Debug|Any CPU
		{5BE73CC2-8846-4A55-A623-E7DB79AF9321}.Release|Any CPU.ActiveCfg = Release|Any CPU
		{5BE73CC2-8846-4A55-A623-E7DB79AF9321}.Release|Any CPU.Build.0 = Release|Any CPU
	EndGlobalSection
	GlobalSection(SolutionProperties) = preSolution
		HideSolutionNode = FALSE
	EndGlobalSection
	GlobalSection(ExtensibilityGlobals) = postSolution
		SolutionGuid = {D44317AC-8623-4945-996D-8901AB24DF8B}
	EndGlobalSection
EndGlobal
